// !$*UTF8*$!
{
	archiveVersion = 1;
	classes = {
	};
	objectVersion = 50;
	objects = {

/* Begin PBXBuildFile section */
		C42A26FE2441ADB30052ED5C /* AppDelegate.swift in Sources */ = {isa = PBXBuildFile; fileRef = C42A26FD2441ADB30052ED5C /* AppDelegate.swift */; };
		C42A27002441ADB30052ED5C /* SceneDelegate.swift in Sources */ = {isa = PBXBuildFile; fileRef = C42A26FF2441ADB30052ED5C /* SceneDelegate.swift */; };
		C42A27022441ADB30052ED5C /* ContentView.swift in Sources */ = {isa = PBXBuildFile; fileRef = C42A27012441ADB30052ED5C /* ContentView.swift */; };
		C42A27042441ADB50052ED5C /* Assets.xcassets in Resources */ = {isa = PBXBuildFile; fileRef = C42A27032441ADB50052ED5C /* Assets.xcassets */; };
		C42A27072441ADB50052ED5C /* Preview Assets.xcassets in Resources */ = {isa = PBXBuildFile; fileRef = C42A27062441ADB50052ED5C /* Preview Assets.xcassets */; };
		C42A270A2441ADB50052ED5C /* LaunchScreen.storyboard in Resources */ = {isa = PBXBuildFile; fileRef = C42A27082441ADB50052ED5C /* LaunchScreen.storyboard */; };
/* End PBXBuildFile section */

/* Begin PBXFileReference section */
		C42A26FA2441ADB30052ED5C /* SwiftUIStacks.app */ = {isa = PBXFileReference; explicitFileType = wrapper.application; includeInIndex = 0; path = SwiftUIStacks.app; sourceTree = BUILT_PRODUCTS_DIR; };
		C42A26FD2441ADB30052ED5C /* AppDelegate.swift */ = {isa = PBXFileReference; lastKnownFileType = sourcecode.swift; path = AppDelegate.swift; sourceTree = "<group>"; };
		C42A26FF2441ADB30052ED5C /* SceneDelegate.swift */ = {isa = PBXFileReference; lastKnownFileType = sourcecode.swift; path = SceneDelegate.swift; sourceTree = "<group>"; };
		C42A27012441ADB30052ED5C /* ContentView.swift */ = {isa = PBXFileReference; lastKnownFileType = sourcecode.swift; path = ContentView.swift; sourceTree = "<group>"; };
		C42A27032441ADB50052ED5C /* Assets.xcassets */ = {isa = PBXFileReference; lastKnownFileType = folder.assetcatalog; path = Assets.xcassets; sourceTree = "<group>"; };
		C42A27062441ADB50052ED5C /* Preview Assets.xcassets */ = {isa = PBXFileReference; lastKnownFileType = folder.assetcatalog; path = "Preview Assets.xcassets"; sourceTree = "<group>"; };
		C42A27092441ADB50052ED5C /* Base */ = {isa = PBXFileReference; lastKnownFileType = file.storyboard; name = Base; path = Base.lproj/LaunchScreen.storyboard; sourceTree = "<group>"; };
		C42A270B2441ADB50052ED5C /* Info.plist */ = {isa = PBXFileReference; lastKnownFileType = text.plist.xml; path = Info.plist; sourceTree = "<group>"; };
/* End PBXFileReference section */

/* Begin PBXFrameworksBuildPhase section */
		C42A26F72441ADB30052ED5C /* Frameworks */ = {
			isa = PBXFrameworksBuildPhase;
			buildActionMask = 2147483647;
			files = (
			);
			runOnlyForDeploymentPostprocessing = 0;
		};
/* End PBXFrameworksBuildPhase section */

/* Begin PBXGroup section */
		C42A26F12441ADB30052ED5C = {
			isa = PBXGroup;
			children = (
				C42A26FC2441ADB30052ED5C /* SwiftUIStacks */,
				C42A26FB2441ADB30052ED5C /* Products */,
			);
			sourceTree = "<group>";
		};
		C42A26FB2441ADB30052ED5C /* Products */ = {
			isa = PBXGroup;
			children = (
				C42A26FA2441ADB30052ED5C /* SwiftUIStacks.app */,
			);
			name = Products;
			sourceTree = "<group>";
		};
		C42A26FC2441ADB30052ED5C /* SwiftUIStacks */ = {
			isa = PBXGroup;
			children = (
				C42A27132441ADCA0052ED5C /* Views */,
				C42A27122441ADC30052ED5C /* Storyboards */,
				C42A27112441ADBB0052ED5C /* Supporting Files */,
			);
			path = SwiftUIStacks;
			sourceTree = "<group>";
		};
		C42A27052441ADB50052ED5C /* Preview Content */ = {
			isa = PBXGroup;
			children = (
				C42A27062441ADB50052ED5C /* Preview Assets.xcassets */,
			);
			path = "Preview Content";
			sourceTree = "<group>";
		};
		C42A27112441ADBB0052ED5C /* Supporting Files */ = {
			isa = PBXGroup;
			children = (
				C42A26FD2441ADB30052ED5C /* AppDelegate.swift */,
				C42A26FF2441ADB30052ED5C /* SceneDelegate.swift */,
				C42A27032441ADB50052ED5C /* Assets.xcassets */,
				C42A270B2441ADB50052ED5C /* Info.plist */,
				C42A27052441ADB50052ED5C /* Preview Content */,
			);
			name = "Supporting Files";
			sourceTree = "<group>";
		};
		C42A27122441ADC30052ED5C /* Storyboards */ = {
			isa = PBXGroup;
			children = (
				C42A27082441ADB50052ED5C /* LaunchScreen.storyboard */,
			);
			path = Storyboards;
			sourceTree = "<group>";
		};
		C42A27132441ADCA0052ED5C /* Views */ = {
			isa = PBXGroup;
			children = (
				C42A27012441ADB30052ED5C /* ContentView.swift */,
			);
			path = Views;
			sourceTree = "<group>";
		};
/* End PBXGroup section */

/* Begin PBXNativeTarget section */
		C42A26F92441ADB30052ED5C /* SwiftUIStacks */ = {
			isa = PBXNativeTarget;
			buildConfigurationList = C42A270E2441ADB50052ED5C /* Build configuration list for PBXNativeTarget "SwiftUIStacks" */;
			buildPhases = (
				C42A26F62441ADB30052ED5C /* Sources */,
				C42A26F72441ADB30052ED5C /* Frameworks */,
				C42A26F82441ADB30052ED5C /* Resources */,
			);
			buildRules = (
			);
			dependencies = (
			);
			name = SwiftUIStacks;
			productName = SwiftUIStacks;
			productReference = C42A26FA2441ADB30052ED5C /* SwiftUIStacks.app */;
			productType = "com.apple.product-type.application";
		};
/* End PBXNativeTarget section */

/* Begin PBXProject section */
		C42A26F22441ADB30052ED5C /* Project object */ = {
			isa = PBXProject;
			attributes = {
				LastSwiftUpdateCheck = 1140;
				LastUpgradeCheck = 1140;
				ORGANIZATIONNAME = "Djuro Alfirevic";
				TargetAttributes = {
					C42A26F92441ADB30052ED5C = {
						CreatedOnToolsVersion = 11.4;
					};
				};
			};
			buildConfigurationList = C42A26F52441ADB30052ED5C /* Build configuration list for PBXProject "SwiftUIStacks" */;
			compatibilityVersion = "Xcode 9.3";
			developmentRegion = en;
			hasScannedForEncodings = 0;
			knownRegions = (
				en,
				Base,
			);
			mainGroup = C42A26F12441ADB30052ED5C;
			productRefGroup = C42A26FB2441ADB30052ED5C /* Products */;
			projectDirPath = "";
			projectRoot = "";
			targets = (
				C42A26F92441ADB30052ED5C /* SwiftUIStacks */,
			);
		};
/* End PBXProject section */

/* Begin PBXResourcesBuildPhase section */
		C42A26F82441ADB30052ED5C /* Resources */ = {
			isa = PBXResourcesBuildPhase;
			buildActionMask = 2147483647;
			files = (
				C42A270A2441ADB50052ED5C /* LaunchScreen.storyboard in Resources */,
				C42A27072441ADB50052ED5C /* Preview Assets.xcassets in Resources */,
				C42A27042441ADB50052ED5C /* Assets.xcassets in Resources */,
			);
			runOnlyForDeploymentPostprocessing = 0;
		};
/* End PBXResourcesBuildPhase section */

/* Begin PBXSourcesBuildPhase section */
		C42A26F62441ADB30052ED5C /* Sources */ = {
			isa = PBXSourcesBuildPhase;
			buildActionMask = 2147483647;
			files = (
				C42A26FE2441ADB30052ED5C /* AppDelegate.swift in Sources */,
				C42A27002441ADB30052ED5C /* SceneDelegate.swift in Sources */,
				C42A27022441ADB30052ED5C /* ContentView.swift in Sources */,
			);
			runOnlyForDeploymentPostprocessing = 0;
		};
/* End PBXSourcesBuildPhase section */

/* Begin PBXVariantGroup section */
		C42A27082441ADB50052ED5C /* LaunchScreen.storyboard */ = {
			isa = PBXVariantGroup;
			children = (
				C42A27092441ADB50052ED5C /* Base */,
			);
			name = LaunchScreen.storyboard;
			sourceTree = "<group>";
		};
/* End PBXVariantGroup section */

/* Begin XCBuildConfiguration section */
		C42A270C2441ADB50052ED5C /* Debug */ = {
			isa = XCBuildConfiguration;
			buildSettings = {
				ALWAYS_SEARCH_USER_PATHS = NO;
				CLANG_ANALYZER_NONNULL = YES;
				CLANG_ANALYZER_NUMBER_OBJECT_CONVERSION = YES_AGGRESSIVE;
				CLANG_CXX_LANGUAGE_STANDARD = "gnu++14";
				CLANG_CXX_LIBRARY = "libc++";
				CLANG_ENABLE_MODULES = YES;
				CLANG_ENABLE_OBJC_ARC = YES;
				CLANG_ENABLE_OBJC_WEAK = YES;
				CLANG_WARN_BLOCK_CAPTURE_AUTORELEASING = YES;
				CLANG_WARN_BOOL_CONVERSION = YES;
				CLANG_WARN_COMMA = YES;
				CLANG_WARN_CONSTANT_CONVERSION = YES;
				CLANG_WARN_DEPRECATED_OBJC_IMPLEMENTATIONS = YES;
				CLANG_WARN_DIRECT_OBJC_ISA_USAGE = YES_ERROR;
				CLANG_WARN_DOCUMENTATION_COMMENTS = YES;
				CLANG_WARN_EMPTY_BODY = YES;
				CLANG_WARN_ENUM_CONVERSION = YES;
				CLANG_WARN_INFINITE_RECURSION = YES;
				CLANG_WARN_INT_CONVERSION = YES;
				CLANG_WARN_NON_LITERAL_NULL_CONVERSION = YES;
				CLANG_WARN_OBJC_IMPLICIT_RETAIN_SELF = YES;
				CLANG_WARN_OBJC_LITERAL_CONVERSION = YES;
				CLANG_WARN_OBJC_ROOT_CLASS = YES_ERROR;
				CLANG_WARN_RANGE_LOOP_ANALYSIS = YES;
				CLANG_WARN_STRICT_PROTOTYPES = YES;
				CLANG_WARN_SUSPICIOUS_MOVE = YES;
				CLANG_WARN_UNGUARDED_AVAILABILITY = YES_AGGRESSIVE;
				CLANG_WARN_UNREACHABLE_CODE = YES;
				CLANG_WARN__DUPLICATE_METHOD_MATCH = YES;
				COPY_PHASE_STRIP = NO;
				DEBUG_INFORMATION_FORMAT = dwarf;
				ENABLE_STRICT_OBJC_MSGSEND = YES;
				ENABLE_TESTABILITY = YES;
				GCC_C_LANGUAGE_STANDARD = gnu11;
				GCC_DYNAMIC_NO_PIC = NO;
				GCC_NO_COMMON_BLOCKS = YES;
				GCC_OPTIMIZATION_LEVEL = 0;
				GCC_PREPROCESSOR_DEFINITIONS = (
					"DEBUG=1",
					"$(inherited)",
				);
				GCC_WARN_64_TO_32_BIT_CONVERSION = YES;
				GCC_WARN_ABOUT_RETURN_TYPE = YES_ERROR;
				GCC_WARN_UNDECLARED_SELECTOR = YES;
				GCC_WARN_UNINITIALIZED_AUTOS = YES_AGGRESSIVE;
				GCC_WARN_UNUSED_FUNCTION = YES;
				GCC_WARN_UNUSED_VARIABLE = YES;
				IPHONEOS_DEPLOYMENT_TARGET = 13.4;
				MTL_ENABLE_DEBUG_INFO = INCLUDE_SOURCE;
				MTL_FAST_MATH = YES;
				ONLY_ACTIVE_ARCH = YES;
				SDKROOT = iphoneos;
				SWIFT_ACTIVE_COMPILATION_CONDITIONS = DEBUG;
				SWIFT_OPTIMIZATION_LEVEL = "-Onone";
			};
			name = Debug;
		};
		C42A270D2441ADB50052ED5C /* Release */ = {
			isa = XCBuildConfiguration;
			buildSettings = {
				ALWAYS_SEARCH_USER_PATHS = NO;
				CLANG_ANALYZER_NONNULL = YES;
				CLANG_ANALYZER_NUMBER_OBJECT_CONVERSION = YES_AGGRESSIVE;
				CLANG_CXX_LANGUAGE_STANDARD = "gnu++14";
				CLANG_CXX_LIBRARY = "libc++";
				CLANG_ENABLE_MODULES = YES;
				CLANG_ENABLE_OBJC_ARC = YES;
				CLANG_ENABLE_OBJC_WEAK = YES;
				CLANG_WARN_BLOCK_CAPTURE_AUTORELEASING = YES;
				CLANG_WARN_BOOL_CONVERSION = YES;
				CLANG_WARN_COMMA = YES;
				CLANG_WARN_CONSTANT_CONVERSION = YES;
				CLANG_WARN_DEPRECATED_OBJC_IMPLEMENTATIONS = YES;
				CLANG_WARN_DIRECT_OBJC_ISA_USAGE = YES_ERROR;
				CLANG_WARN_DOCUMENTATION_COMMENTS = YES;
				CLANG_WARN_EMPTY_BODY = YES;
				CLANG_WARN_ENUM_CONVERSION = YES;
				CLANG_WARN_INFINITE_RECURSION = YES;
				CLANG_WARN_INT_CONVERSION = YES;
				CLANG_WARN_NON_LITERAL_NULL_CONVERSION = YES;
				CLANG_WARN_OBJC_IMPLICIT_RETAIN_SELF = YES;
				CLANG_WARN_OBJC_LITERAL_CONVERSION = YES;
				CLANG_WARN_OBJC_ROOT_CLASS = YES_ERROR;
				CLANG_WARN_RANGE_LOOP_ANALYSIS = YES;
				CLANG_WARN_STRICT_PROTOTYPES = YES;
				CLANG_WARN_SUSPICIOUS_MOVE = YES;
				CLANG_WARN_UNGUARDED_AVAILABILITY = YES_AGGRESSIVE;
				CLANG_WARN_UNREACHABLE_CODE = YES;
				CLANG_WARN__DUPLICATE_METHOD_MATCH = YES;
				COPY_PHASE_STRIP = NO;
				DEBUG_INFORMATION_FORMAT = "dwarf-with-dsym";
				ENABLE_NS_ASSERTIONS = NO;
				ENABLE_STRICT_OBJC_MSGSEND = YES;
				GCC_C_LANGUAGE_STANDARD = gnu11;
				GCC_NO_COMMON_BLOCKS = YES;
				GCC_WARN_64_TO_32_BIT_CONVERSION = YES;
				GCC_WARN_ABOUT_RETURN_TYPE = YES_ERROR;
				GCC_WARN_UNDECLARED_SELECTOR = YES;
				GCC_WARN_UNINITIALIZED_AUTOS = YES_AGGRESSIVE;
				GCC_WARN_UNUSED_FUNCTION = YES;
				GCC_WARN_UNUSED_VARIABLE = YES;
				IPHONEOS_DEPLOYMENT_TARGET = 13.4;
				MTL_ENABLE_DEBUG_INFO = NO;
				MTL_FAST_MATH = YES;
				SDKROOT = iphoneos;
				SWIFT_COMPILATION_MODE = wholemodule;
				SWIFT_OPTIMIZATION_LEVEL = "-O";
				VALIDATE_PRODUCT = YES;
			};
			name = Release;
		};
		C42A270F2441ADB50052ED5C /* Debug */ = {
			isa = XCBuildConfiguration;
			buildSettings = {
				ASSETCATALOG_COMPILER_APPICON_NAME = AppIcon;
				CODE_SIGN_STYLE = Automatic;
				DEVELOPMENT_ASSET_PATHS = "\"SwiftUIStacks/Preview Content\"";
				ENABLE_PREVIEWS = YES;
				INFOPLIST_FILE = SwiftUIStacks/Info.plist;
				LD_RUNPATH_SEARCH_PATHS = (
					"$(inherited)",
					"@executable_path/Frameworks",
				);
				PRODUCT_BUNDLE_IDENTIFIER = com.djuroalfirevic.SwiftUIStacks;
				PRODUCT_NAME = "$(TARGET_NAME)";
				SWIFT_VERSION = 5.0;
				TARGETED_DEVICE_FAMILY = "1,2";
			};
			name = Debug;
		};
		C42A27102441ADB50052ED5C /* Release */ = {
			isa = XCBuildConfiguration;
			buildSettings = {
				ASSETCATALOG_COMPILER_APPICON_NAME = AppIcon;
				CODE_SIGN_STYLE = Automatic;
				DEVELOPMENT_ASSET_PATHS = "\"SwiftUIStacks/Preview Content\"";
				ENABLE_PREVIEWS = YES;
				INFOPLIST_FILE = SwiftUIStacks/Info.plist;
				LD_RUNPATH_SEARCH_PATHS = (
					"$(inherited)",
					"@executable_path/Frameworks",
				);
				PRODUCT_BUNDLE_IDENTIFIER = com.djuroalfirevic.SwiftUIStacks;
				PRODUCT_NAME = "$(TARGET_NAME)";
				SWIFT_VERSION = 5.0;
				TARGETED_DEVICE_FAMILY = "1,2";
			};
			name = Release;
		};
/* End XCBuildConfiguration section */

/* Begin XCConfigurationList section */
		C42A26F52441ADB30052ED5C /* Build configuration list for PBXProject "SwiftUIStacks" */ = {
			isa = XCConfigurationList;
			buildConfigurations = (
				C42A270C2441ADB50052ED5C /* Debug */,
				C42A270D2441ADB50052ED5C /* Release */,
			);
			defaultConfigurationIsVisible = 0;
			defaultConfigurationName = Release;
		};
		C42A270E2441ADB50052ED5C /* Build configuration list for PBXNativeTarget "SwiftUIStacks" */ = {
			isa = XCConfigurationList;
			buildConfigurations = (
				C42A270F2441ADB50052ED5C /* Debug */,
				C42A27102441ADB50052ED5C /* Release */,
			);
			defaultConfigurationIsVisible = 0;
			defaultConfigurationName = Release;
		};
/* End XCConfigurationList section */
	};
	rootObject = C42A26F22441ADB30052ED5C /* Project object */;
}
