// !$*UTF8*$!
{
	archiveVersion = 1;
	classes = {
	};
	objectVersion = 50;
	objects = {

/* Begin PBXBuildFile section */
		C4B784BF246807E20021DB0C /* AppDelegate.swift in Sources */ = {isa = PBXBuildFile; fileRef = C4B784BE246807E20021DB0C /* AppDelegate.swift */; };
		C4B784C1246807E20021DB0C /* SceneDelegate.swift in Sources */ = {isa = PBXBuildFile; fileRef = C4B784C0246807E20021DB0C /* SceneDelegate.swift */; };
		C4B784C5246807E30021DB0C /* Assets.xcassets in Resources */ = {isa = PBXBuildFile; fileRef = C4B784C4246807E30021DB0C /* Assets.xcassets */; };
		C4B784C8246807E30021DB0C /* Preview Assets.xcassets in Resources */ = {isa = PBXBuildFile; fileRef = C4B784C7246807E30021DB0C /* Preview Assets.xcassets */; };
		C4B784CB246807E30021DB0C /* LaunchScreen.storyboard in Resources */ = {isa = PBXBuildFile; fileRef = C4B784C9246807E30021DB0C /* LaunchScreen.storyboard */; };
		C4B784D82468084C0021DB0C /* StorageController.swift in Sources */ = {isa = PBXBuildFile; fileRef = C4B784D72468084C0021DB0C /* StorageController.swift */; };
		C4B784DA246808AD0021DB0C /* Account.swift in Sources */ = {isa = PBXBuildFile; fileRef = C4B784D9246808AD0021DB0C /* Account.swift */; };
		C4B784DC2468092E0021DB0C /* StateController.swift in Sources */ = {isa = PBXBuildFile; fileRef = C4B784DB2468092E0021DB0C /* StateController.swift */; };
		C4B784DE24680A3E0021DB0C /* Transaction.swift in Sources */ = {isa = PBXBuildFile; fileRef = C4B784DD24680A3E0021DB0C /* Transaction.swift */; };
		C4B784E024680C550021DB0C /* TestData.swift in Sources */ = {isa = PBXBuildFile; fileRef = C4B784DF24680C550021DB0C /* TestData.swift */; };
		C4B784E224680C8A0021DB0C /* AddButton.swift in Sources */ = {isa = PBXBuildFile; fileRef = C4B784E124680C8A0021DB0C /* AddButton.swift */; };
		C4B784E424680D580021DB0C /* AccountsView.swift in Sources */ = {isa = PBXBuildFile; fileRef = C4B784E324680D580021DB0C /* AccountsView.swift */; };
		C4B784E62468124C0021DB0C /* Extensions.swift in Sources */ = {isa = PBXBuildFile; fileRef = C4B784E52468124C0021DB0C /* Extensions.swift */; };
		C4B784E82468132F0021DB0C /* TransactionsView.swift in Sources */ = {isa = PBXBuildFile; fileRef = C4B784E72468132F0021DB0C /* TransactionsView.swift */; };
		C4B784EA246813810021DB0C /* NewTransactionView.swift in Sources */ = {isa = PBXBuildFile; fileRef = C4B784E9246813810021DB0C /* NewTransactionView.swift */; };
		C4B784EC246816610021DB0C /* NewAccountView.swift in Sources */ = {isa = PBXBuildFile; fileRef = C4B784EB246816610021DB0C /* NewAccountView.swift */; };
/* End PBXBuildFile section */

/* Begin PBXFileReference section */
		C4B784BB246807E20021DB0C /* Architecture.app */ = {isa = PBXFileReference; explicitFileType = wrapper.application; includeInIndex = 0; path = Architecture.app; sourceTree = BUILT_PRODUCTS_DIR; };
		C4B784BE246807E20021DB0C /* AppDelegate.swift */ = {isa = PBXFileReference; lastKnownFileType = sourcecode.swift; path = AppDelegate.swift; sourceTree = "<group>"; };
		C4B784C0246807E20021DB0C /* SceneDelegate.swift */ = {isa = PBXFileReference; lastKnownFileType = sourcecode.swift; path = SceneDelegate.swift; sourceTree = "<group>"; };
		C4B784C4246807E30021DB0C /* Assets.xcassets */ = {isa = PBXFileReference; lastKnownFileType = folder.assetcatalog; path = Assets.xcassets; sourceTree = "<group>"; };
		C4B784C7246807E30021DB0C /* Preview Assets.xcassets */ = {isa = PBXFileReference; lastKnownFileType = folder.assetcatalog; path = "Preview Assets.xcassets"; sourceTree = "<group>"; };
		C4B784CA246807E30021DB0C /* Base */ = {isa = PBXFileReference; lastKnownFileType = file.storyboard; name = Base; path = Base.lproj/LaunchScreen.storyboard; sourceTree = "<group>"; };
		C4B784CC246807E30021DB0C /* Info.plist */ = {isa = PBXFileReference; lastKnownFileType = text.plist.xml; path = Info.plist; sourceTree = "<group>"; };
		C4B784D72468084C0021DB0C /* StorageController.swift */ = {isa = PBXFileReference; lastKnownFileType = sourcecode.swift; path = StorageController.swift; sourceTree = "<group>"; };
		C4B784D9246808AD0021DB0C /* Account.swift */ = {isa = PBXFileReference; lastKnownFileType = sourcecode.swift; path = Account.swift; sourceTree = "<group>"; };
		C4B784DB2468092E0021DB0C /* StateController.swift */ = {isa = PBXFileReference; lastKnownFileType = sourcecode.swift; path = StateController.swift; sourceTree = "<group>"; };
		C4B784DD24680A3E0021DB0C /* Transaction.swift */ = {isa = PBXFileReference; lastKnownFileType = sourcecode.swift; path = Transaction.swift; sourceTree = "<group>"; };
		C4B784DF24680C550021DB0C /* TestData.swift */ = {isa = PBXFileReference; lastKnownFileType = sourcecode.swift; path = TestData.swift; sourceTree = "<group>"; };
		C4B784E124680C8A0021DB0C /* AddButton.swift */ = {isa = PBXFileReference; lastKnownFileType = sourcecode.swift; path = AddButton.swift; sourceTree = "<group>"; };
		C4B784E324680D580021DB0C /* AccountsView.swift */ = {isa = PBXFileReference; lastKnownFileType = sourcecode.swift; path = AccountsView.swift; sourceTree = "<group>"; };
		C4B784E52468124C0021DB0C /* Extensions.swift */ = {isa = PBXFileReference; lastKnownFileType = sourcecode.swift; path = Extensions.swift; sourceTree = "<group>"; };
		C4B784E72468132F0021DB0C /* TransactionsView.swift */ = {isa = PBXFileReference; lastKnownFileType = sourcecode.swift; path = TransactionsView.swift; sourceTree = "<group>"; };
		C4B784E9246813810021DB0C /* NewTransactionView.swift */ = {isa = PBXFileReference; lastKnownFileType = sourcecode.swift; path = NewTransactionView.swift; sourceTree = "<group>"; };
		C4B784EB246816610021DB0C /* NewAccountView.swift */ = {isa = PBXFileReference; lastKnownFileType = sourcecode.swift; path = NewAccountView.swift; sourceTree = "<group>"; };
/* End PBXFileReference section */

/* Begin PBXFrameworksBuildPhase section */
		C4B784B8246807E20021DB0C /* Frameworks */ = {
			isa = PBXFrameworksBuildPhase;
			buildActionMask = 2147483647;
			files = (
			);
			runOnlyForDeploymentPostprocessing = 0;
		};
/* End PBXFrameworksBuildPhase section */

/* Begin PBXGroup section */
		C4B784B2246807E20021DB0C = {
			isa = PBXGroup;
			children = (
				C4B784BD246807E20021DB0C /* Architecture */,
				C4B784BC246807E20021DB0C /* Products */,
			);
			sourceTree = "<group>";
		};
		C4B784BC246807E20021DB0C /* Products */ = {
			isa = PBXGroup;
			children = (
				C4B784BB246807E20021DB0C /* Architecture.app */,
			);
			name = Products;
			sourceTree = "<group>";
		};
		C4B784BD246807E20021DB0C /* Architecture */ = {
			isa = PBXGroup;
			children = (
				C4B784D62468083C0021DB0C /* Utils */,
				C4B784D5246808370021DB0C /* Models */,
				C4B784D4246807FA0021DB0C /* Views */,
				C4B784D3246807F20021DB0C /* Storyboards */,
				C4B784D2246807EA0021DB0C /* Supporting Files */,
			);
			path = Architecture;
			sourceTree = "<group>";
		};
		C4B784C6246807E30021DB0C /* Preview Content */ = {
			isa = PBXGroup;
			children = (
				C4B784C7246807E30021DB0C /* Preview Assets.xcassets */,
			);
			path = "Preview Content";
			sourceTree = "<group>";
		};
		C4B784D2246807EA0021DB0C /* Supporting Files */ = {
			isa = PBXGroup;
			children = (
				C4B784BE246807E20021DB0C /* AppDelegate.swift */,
				C4B784C0246807E20021DB0C /* SceneDelegate.swift */,
				C4B784C4246807E30021DB0C /* Assets.xcassets */,
				C4B784CC246807E30021DB0C /* Info.plist */,
				C4B784C6246807E30021DB0C /* Preview Content */,
			);
			name = "Supporting Files";
			sourceTree = "<group>";
		};
		C4B784D3246807F20021DB0C /* Storyboards */ = {
			isa = PBXGroup;
			children = (
				C4B784C9246807E30021DB0C /* LaunchScreen.storyboard */,
			);
			path = Storyboards;
			sourceTree = "<group>";
		};
		C4B784D4246807FA0021DB0C /* Views */ = {
			isa = PBXGroup;
			children = (
				C4B784E124680C8A0021DB0C /* AddButton.swift */,
				C4B784E324680D580021DB0C /* AccountsView.swift */,
				C4B784E72468132F0021DB0C /* TransactionsView.swift */,
				C4B784E9246813810021DB0C /* NewTransactionView.swift */,
				C4B784EB246816610021DB0C /* NewAccountView.swift */,
			);
			path = Views;
			sourceTree = "<group>";
		};
		C4B784D5246808370021DB0C /* Models */ = {
			isa = PBXGroup;
			children = (
				C4B784D9246808AD0021DB0C /* Account.swift */,
				C4B784DD24680A3E0021DB0C /* Transaction.swift */,
			);
			path = Models;
			sourceTree = "<group>";
		};
		C4B784D62468083C0021DB0C /* Utils */ = {
			isa = PBXGroup;
			children = (
				C4B784D72468084C0021DB0C /* StorageController.swift */,
				C4B784DB2468092E0021DB0C /* StateController.swift */,
				C4B784DF24680C550021DB0C /* TestData.swift */,
				C4B784E52468124C0021DB0C /* Extensions.swift */,
			);
			path = Utils;
			sourceTree = "<group>";
		};
/* End PBXGroup section */

/* Begin PBXNativeTarget section */
		C4B784BA246807E20021DB0C /* Architecture */ = {
			isa = PBXNativeTarget;
			buildConfigurationList = C4B784CF246807E30021DB0C /* Build configuration list for PBXNativeTarget "Architecture" */;
			buildPhases = (
				C4B784B7246807E20021DB0C /* Sources */,
				C4B784B8246807E20021DB0C /* Frameworks */,
				C4B784B9246807E20021DB0C /* Resources */,
			);
			buildRules = (
			);
			dependencies = (
			);
			name = Architecture;
			productName = Architecture;
			productReference = C4B784BB246807E20021DB0C /* Architecture.app */;
			productType = "com.apple.product-type.application";
		};
/* End PBXNativeTarget section */

/* Begin PBXProject section */
		C4B784B3246807E20021DB0C /* Project object */ = {
			isa = PBXProject;
			attributes = {
				LastSwiftUpdateCheck = 1140;
				LastUpgradeCheck = 1140;
				ORGANIZATIONNAME = "Djuro Alfirevic";
				TargetAttributes = {
					C4B784BA246807E20021DB0C = {
						CreatedOnToolsVersion = 11.4.1;
					};
				};
			};
			buildConfigurationList = C4B784B6246807E20021DB0C /* Build configuration list for PBXProject "Architecture" */;
			compatibilityVersion = "Xcode 9.3";
			developmentRegion = en;
			hasScannedForEncodings = 0;
			knownRegions = (
				en,
				Base,
			);
			mainGroup = C4B784B2246807E20021DB0C;
			productRefGroup = C4B784BC246807E20021DB0C /* Products */;
			projectDirPath = "";
			projectRoot = "";
			targets = (
				C4B784BA246807E20021DB0C /* Architecture */,
			);
		};
/* End PBXProject section */

/* Begin PBXResourcesBuildPhase section */
		C4B784B9246807E20021DB0C /* Resources */ = {
			isa = PBXResourcesBuildPhase;
			buildActionMask = 2147483647;
			files = (
				C4B784CB246807E30021DB0C /* LaunchScreen.storyboard in Resources */,
				C4B784C8246807E30021DB0C /* Preview Assets.xcassets in Resources */,
				C4B784C5246807E30021DB0C /* Assets.xcassets in Resources */,
			);
			runOnlyForDeploymentPostprocessing = 0;
		};
/* End PBXResourcesBuildPhase section */

/* Begin PBXSourcesBuildPhase section */
		C4B784B7246807E20021DB0C /* Sources */ = {
			isa = PBXSourcesBuildPhase;
			buildActionMask = 2147483647;
			files = (
				C4B784E424680D580021DB0C /* AccountsView.swift in Sources */,
				C4B784EA246813810021DB0C /* NewTransactionView.swift in Sources */,
				C4B784EC246816610021DB0C /* NewAccountView.swift in Sources */,
				C4B784DE24680A3E0021DB0C /* Transaction.swift in Sources */,
				C4B784DA246808AD0021DB0C /* Account.swift in Sources */,
				C4B784DC2468092E0021DB0C /* StateController.swift in Sources */,
				C4B784E224680C8A0021DB0C /* AddButton.swift in Sources */,
				C4B784E82468132F0021DB0C /* TransactionsView.swift in Sources */,
				C4B784E024680C550021DB0C /* TestData.swift in Sources */,
				C4B784BF246807E20021DB0C /* AppDelegate.swift in Sources */,
				C4B784C1246807E20021DB0C /* SceneDelegate.swift in Sources */,
				C4B784E62468124C0021DB0C /* Extensions.swift in Sources */,
				C4B784D82468084C0021DB0C /* StorageController.swift in Sources */,
			);
			runOnlyForDeploymentPostprocessing = 0;
		};
/* End PBXSourcesBuildPhase section */

/* Begin PBXVariantGroup section */
		C4B784C9246807E30021DB0C /* LaunchScreen.storyboard */ = {
			isa = PBXVariantGroup;
			children = (
				C4B784CA246807E30021DB0C /* Base */,
			);
			name = LaunchScreen.storyboard;
			sourceTree = "<group>";
		};
/* End PBXVariantGroup section */

/* Begin XCBuildConfiguration section */
		C4B784CD246807E30021DB0C /* Debug */ = {
			isa = XCBuildConfiguration;
			buildSettings = {
				ALWAYS_SEARCH_USER_PATHS = NO;
				CLANG_ANALYZER_NONNULL = YES;
				CLANG_ANALYZER_NUMBER_OBJECT_CONVERSION = YES_AGGRESSIVE;
				CLANG_CXX_LANGUAGE_STANDARD = "gnu++14";
				CLANG_CXX_LIBRARY = "libc++";
				CLANG_ENABLE_MODULES = YES;
				CLANG_ENABLE_OBJC_ARC = YES;
				CLANG_ENABLE_OBJC_WEAK = YES;
				CLANG_WARN_BLOCK_CAPTURE_AUTORELEASING = YES;
				CLANG_WARN_BOOL_CONVERSION = YES;
				CLANG_WARN_COMMA = YES;
				CLANG_WARN_CONSTANT_CONVERSION = YES;
				CLANG_WARN_DEPRECATED_OBJC_IMPLEMENTATIONS = YES;
				CLANG_WARN_DIRECT_OBJC_ISA_USAGE = YES_ERROR;
				CLANG_WARN_DOCUMENTATION_COMMENTS = YES;
				CLANG_WARN_EMPTY_BODY = YES;
				CLANG_WARN_ENUM_CONVERSION = YES;
				CLANG_WARN_INFINITE_RECURSION = YES;
				CLANG_WARN_INT_CONVERSION = YES;
				CLANG_WARN_NON_LITERAL_NULL_CONVERSION = YES;
				CLANG_WARN_OBJC_IMPLICIT_RETAIN_SELF = YES;
				CLANG_WARN_OBJC_LITERAL_CONVERSION = YES;
				CLANG_WARN_OBJC_ROOT_CLASS = YES_ERROR;
				CLANG_WARN_RANGE_LOOP_ANALYSIS = YES;
				CLANG_WARN_STRICT_PROTOTYPES = YES;
				CLANG_WARN_SUSPICIOUS_MOVE = YES;
				CLANG_WARN_UNGUARDED_AVAILABILITY = YES_AGGRESSIVE;
				CLANG_WARN_UNREACHABLE_CODE = YES;
				CLANG_WARN__DUPLICATE_METHOD_MATCH = YES;
				COPY_PHASE_STRIP = NO;
				DEBUG_INFORMATION_FORMAT = dwarf;
				ENABLE_STRICT_OBJC_MSGSEND = YES;
				ENABLE_TESTABILITY = YES;
				GCC_C_LANGUAGE_STANDARD = gnu11;
				GCC_DYNAMIC_NO_PIC = NO;
				GCC_NO_COMMON_BLOCKS = YES;
				GCC_OPTIMIZATION_LEVEL = 0;
				GCC_PREPROCESSOR_DEFINITIONS = (
					"DEBUG=1",
					"$(inherited)",
				);
				GCC_WARN_64_TO_32_BIT_CONVERSION = YES;
				GCC_WARN_ABOUT_RETURN_TYPE = YES_ERROR;
				GCC_WARN_UNDECLARED_SELECTOR = YES;
				GCC_WARN_UNINITIALIZED_AUTOS = YES_AGGRESSIVE;
				GCC_WARN_UNUSED_FUNCTION = YES;
				GCC_WARN_UNUSED_VARIABLE = YES;
				IPHONEOS_DEPLOYMENT_TARGET = 13.4;
				MTL_ENABLE_DEBUG_INFO = INCLUDE_SOURCE;
				MTL_FAST_MATH = YES;
				ONLY_ACTIVE_ARCH = YES;
				SDKROOT = iphoneos;
				SWIFT_ACTIVE_COMPILATION_CONDITIONS = DEBUG;
				SWIFT_OPTIMIZATION_LEVEL = "-Onone";
			};
			name = Debug;
		};
		C4B784CE246807E30021DB0C /* Release */ = {
			isa = XCBuildConfiguration;
			buildSettings = {
				ALWAYS_SEARCH_USER_PATHS = NO;
				CLANG_ANALYZER_NONNULL = YES;
				CLANG_ANALYZER_NUMBER_OBJECT_CONVERSION = YES_AGGRESSIVE;
				CLANG_CXX_LANGUAGE_STANDARD = "gnu++14";
				CLANG_CXX_LIBRARY = "libc++";
				CLANG_ENABLE_MODULES = YES;
				CLANG_ENABLE_OBJC_ARC = YES;
				CLANG_ENABLE_OBJC_WEAK = YES;
				CLANG_WARN_BLOCK_CAPTURE_AUTORELEASING = YES;
				CLANG_WARN_BOOL_CONVERSION = YES;
				CLANG_WARN_COMMA = YES;
				CLANG_WARN_CONSTANT_CONVERSION = YES;
				CLANG_WARN_DEPRECATED_OBJC_IMPLEMENTATIONS = YES;
				CLANG_WARN_DIRECT_OBJC_ISA_USAGE = YES_ERROR;
				CLANG_WARN_DOCUMENTATION_COMMENTS = YES;
				CLANG_WARN_EMPTY_BODY = YES;
				CLANG_WARN_ENUM_CONVERSION = YES;
				CLANG_WARN_INFINITE_RECURSION = YES;
				CLANG_WARN_INT_CONVERSION = YES;
				CLANG_WARN_NON_LITERAL_NULL_CONVERSION = YES;
				CLANG_WARN_OBJC_IMPLICIT_RETAIN_SELF = YES;
				CLANG_WARN_OBJC_LITERAL_CONVERSION = YES;
				CLANG_WARN_OBJC_ROOT_CLASS = YES_ERROR;
				CLANG_WARN_RANGE_LOOP_ANALYSIS = YES;
				CLANG_WARN_STRICT_PROTOTYPES = YES;
				CLANG_WARN_SUSPICIOUS_MOVE = YES;
				CLANG_WARN_UNGUARDED_AVAILABILITY = YES_AGGRESSIVE;
				CLANG_WARN_UNREACHABLE_CODE = YES;
				CLANG_WARN__DUPLICATE_METHOD_MATCH = YES;
				COPY_PHASE_STRIP = NO;
				DEBUG_INFORMATION_FORMAT = "dwarf-with-dsym";
				ENABLE_NS_ASSERTIONS = NO;
				ENABLE_STRICT_OBJC_MSGSEND = YES;
				GCC_C_LANGUAGE_STANDARD = gnu11;
				GCC_NO_COMMON_BLOCKS = YES;
				GCC_WARN_64_TO_32_BIT_CONVERSION = YES;
				GCC_WARN_ABOUT_RETURN_TYPE = YES_ERROR;
				GCC_WARN_UNDECLARED_SELECTOR = YES;
				GCC_WARN_UNINITIALIZED_AUTOS = YES_AGGRESSIVE;
				GCC_WARN_UNUSED_FUNCTION = YES;
				GCC_WARN_UNUSED_VARIABLE = YES;
				IPHONEOS_DEPLOYMENT_TARGET = 13.4;
				MTL_ENABLE_DEBUG_INFO = NO;
				MTL_FAST_MATH = YES;
				SDKROOT = iphoneos;
				SWIFT_COMPILATION_MODE = wholemodule;
				SWIFT_OPTIMIZATION_LEVEL = "-O";
				VALIDATE_PRODUCT = YES;
			};
			name = Release;
		};
		C4B784D0246807E30021DB0C /* Debug */ = {
			isa = XCBuildConfiguration;
			buildSettings = {
				ASSETCATALOG_COMPILER_APPICON_NAME = AppIcon;
				CODE_SIGN_STYLE = Automatic;
				DEVELOPMENT_ASSET_PATHS = "\"Architecture/Preview Content\"";
				ENABLE_PREVIEWS = YES;
				INFOPLIST_FILE = Architecture/Info.plist;
				LD_RUNPATH_SEARCH_PATHS = (
					"$(inherited)",
					"@executable_path/Frameworks",
				);
				PRODUCT_BUNDLE_IDENTIFIER = com.djuroalfirevic.Architecture;
				PRODUCT_NAME = "$(TARGET_NAME)";
				SWIFT_VERSION = 5.0;
				TARGETED_DEVICE_FAMILY = "1,2";
			};
			name = Debug;
		};
		C4B784D1246807E30021DB0C /* Release */ = {
			isa = XCBuildConfiguration;
			buildSettings = {
				ASSETCATALOG_COMPILER_APPICON_NAME = AppIcon;
				CODE_SIGN_STYLE = Automatic;
				DEVELOPMENT_ASSET_PATHS = "\"Architecture/Preview Content\"";
				ENABLE_PREVIEWS = YES;
				INFOPLIST_FILE = Architecture/Info.plist;
				LD_RUNPATH_SEARCH_PATHS = (
					"$(inherited)",
					"@executable_path/Frameworks",
				);
				PRODUCT_BUNDLE_IDENTIFIER = com.djuroalfirevic.Architecture;
				PRODUCT_NAME = "$(TARGET_NAME)";
				SWIFT_VERSION = 5.0;
				TARGETED_DEVICE_FAMILY = "1,2";
			};
			name = Release;
		};
/* End XCBuildConfiguration section */

/* Begin XCConfigurationList section */
		C4B784B6246807E20021DB0C /* Build configuration list for PBXProject "Architecture" */ = {
			isa = XCConfigurationList;
			buildConfigurations = (
				C4B784CD246807E30021DB0C /* Debug */,
				C4B784CE246807E30021DB0C /* Release */,
			);
			defaultConfigurationIsVisible = 0;
			defaultConfigurationName = Release;
		};
		C4B784CF246807E30021DB0C /* Build configuration list for PBXNativeTarget "Architecture" */ = {
			isa = XCConfigurationList;
			buildConfigurations = (
				C4B784D0246807E30021DB0C /* Debug */,
				C4B784D1246807E30021DB0C /* Release */,
			);
			defaultConfigurationIsVisible = 0;
			defaultConfigurationName = Release;
		};
/* End XCConfigurationList section */
	};
	rootObject = C4B784B3246807E20021DB0C /* Project object */;
}
