// !$*UTF8*$!
{
	archiveVersion = 1;
	classes = {
	};
	objectVersion = 55;
	objects = {

/* Begin PBXBuildFile section */
		1A5A9CEC27F2254F00D8A7FD /* CustomComponentsApp.swift in Sources */ = {isa = PBXBuildFile; fileRef = 1A5A9CEB27F2254F00D8A7FD /* CustomComponentsApp.swift */; };
		1A5A9CEE27F2254F00D8A7FD /* ContentView.swift in Sources */ = {isa = PBXBuildFile; fileRef = 1A5A9CED27F2254F00D8A7FD /* ContentView.swift */; };
		1A5A9CF027F2255100D8A7FD /* Assets.xcassets in Resources */ = {isa = PBXBuildFile; fileRef = 1A5A9CEF27F2255100D8A7FD /* Assets.xcassets */; };
		1A5A9CF327F2255100D8A7FD /* Preview Assets.xcassets in Resources */ = {isa = PBXBuildFile; fileRef = 1A5A9CF227F2255100D8A7FD /* Preview Assets.xcassets */; };
		1A5A9CFA27F2256D00D8A7FD /* CustomTextField.swift in Sources */ = {isa = PBXBuildFile; fileRef = 1A5A9CF927F2256D00D8A7FD /* CustomTextField.swift */; };
		1A5A9CFC27F225B900D8A7FD /* ValidationRule.swift in Sources */ = {isa = PBXBuildFile; fileRef = 1A5A9CFB27F225B900D8A7FD /* ValidationRule.swift */; };
		1A5A9CFE27F226D500D8A7FD /* Fonts.swift in Sources */ = {isa = PBXBuildFile; fileRef = 1A5A9CFD27F226D500D8A7FD /* Fonts.swift */; };
		1A5A9D0027F227D500D8A7FD /* CustomTextFieldFormatter.swift in Sources */ = {isa = PBXBuildFile; fileRef = 1A5A9CFF27F227D500D8A7FD /* CustomTextFieldFormatter.swift */; };
		1A72675827F3895800C2C1DE /* PinTextField.swift in Sources */ = {isa = PBXBuildFile; fileRef = 1A72675727F3895800C2C1DE /* PinTextField.swift */; };
/* End PBXBuildFile section */

/* Begin PBXFileReference section */
		1A5A9CE827F2254F00D8A7FD /* CustomComponents.app */ = {isa = PBXFileReference; explicitFileType = wrapper.application; includeInIndex = 0; path = CustomComponents.app; sourceTree = BUILT_PRODUCTS_DIR; };
		1A5A9CEB27F2254F00D8A7FD /* CustomComponentsApp.swift */ = {isa = PBXFileReference; lastKnownFileType = sourcecode.swift; path = CustomComponentsApp.swift; sourceTree = "<group>"; };
		1A5A9CED27F2254F00D8A7FD /* ContentView.swift */ = {isa = PBXFileReference; lastKnownFileType = sourcecode.swift; path = ContentView.swift; sourceTree = "<group>"; };
		1A5A9CEF27F2255100D8A7FD /* Assets.xcassets */ = {isa = PBXFileReference; lastKnownFileType = folder.assetcatalog; path = Assets.xcassets; sourceTree = "<group>"; };
		1A5A9CF227F2255100D8A7FD /* Preview Assets.xcassets */ = {isa = PBXFileReference; lastKnownFileType = folder.assetcatalog; path = "Preview Assets.xcassets"; sourceTree = "<group>"; };
		1A5A9CF927F2256D00D8A7FD /* CustomTextField.swift */ = {isa = PBXFileReference; lastKnownFileType = sourcecode.swift; path = CustomTextField.swift; sourceTree = "<group>"; };
		1A5A9CFB27F225B900D8A7FD /* ValidationRule.swift */ = {isa = PBXFileReference; lastKnownFileType = sourcecode.swift; path = ValidationRule.swift; sourceTree = "<group>"; };
		1A5A9CFD27F226D500D8A7FD /* Fonts.swift */ = {isa = PBXFileReference; lastKnownFileType = sourcecode.swift; path = Fonts.swift; sourceTree = "<group>"; };
		1A5A9CFF27F227D500D8A7FD /* CustomTextFieldFormatter.swift */ = {isa = PBXFileReference; lastKnownFileType = sourcecode.swift; path = CustomTextFieldFormatter.swift; sourceTree = "<group>"; };
		1A72675727F3895800C2C1DE /* PinTextField.swift */ = {isa = PBXFileReference; lastKnownFileType = sourcecode.swift; path = PinTextField.swift; sourceTree = "<group>"; };
/* End PBXFileReference section */

/* Begin PBXFrameworksBuildPhase section */
		1A5A9CE527F2254F00D8A7FD /* Frameworks */ = {
			isa = PBXFrameworksBuildPhase;
			buildActionMask = 2147483647;
			files = (
			);
			runOnlyForDeploymentPostprocessing = 0;
		};
/* End PBXFrameworksBuildPhase section */

/* Begin PBXGroup section */
		1A5A9CDF27F2254F00D8A7FD = {
			isa = PBXGroup;
			children = (
				1A5A9CEA27F2254F00D8A7FD /* CustomComponents */,
				1A5A9CE927F2254F00D8A7FD /* Products */,
			);
			sourceTree = "<group>";
		};
		1A5A9CE927F2254F00D8A7FD /* Products */ = {
			isa = PBXGroup;
			children = (
				1A5A9CE827F2254F00D8A7FD /* CustomComponents.app */,
			);
			name = Products;
			sourceTree = "<group>";
		};
		1A5A9CEA27F2254F00D8A7FD /* CustomComponents */ = {
			isa = PBXGroup;
			children = (
				1A5A9CEB27F2254F00D8A7FD /* CustomComponentsApp.swift */,
				1A5A9CED27F2254F00D8A7FD /* ContentView.swift */,
				1A72675727F3895800C2C1DE /* PinTextField.swift */,
				1A5A9CF927F2256D00D8A7FD /* CustomTextField.swift */,
				1A5A9CFB27F225B900D8A7FD /* ValidationRule.swift */,
				1A5A9CFF27F227D500D8A7FD /* CustomTextFieldFormatter.swift */,
				1A5A9CFD27F226D500D8A7FD /* Fonts.swift */,
				1A5A9CEF27F2255100D8A7FD /* Assets.xcassets */,
				1A5A9CF127F2255100D8A7FD /* Preview Content */,
			);
			path = CustomComponents;
			sourceTree = "<group>";
		};
		1A5A9CF127F2255100D8A7FD /* Preview Content */ = {
			isa = PBXGroup;
			children = (
				1A5A9CF227F2255100D8A7FD /* Preview Assets.xcassets */,
			);
			path = "Preview Content";
			sourceTree = "<group>";
		};
/* End PBXGroup section */

/* Begin PBXNativeTarget section */
		1A5A9CE727F2254F00D8A7FD /* CustomComponents */ = {
			isa = PBXNativeTarget;
			buildConfigurationList = 1A5A9CF627F2255100D8A7FD /* Build configuration list for PBXNativeTarget "CustomComponents" */;
			buildPhases = (
				1A5A9CE427F2254F00D8A7FD /* Sources */,
				1A5A9CE527F2254F00D8A7FD /* Frameworks */,
				1A5A9CE627F2254F00D8A7FD /* Resources */,
			);
			buildRules = (
			);
			dependencies = (
			);
			name = CustomComponents;
			productName = CustomComponents;
			productReference = 1A5A9CE827F2254F00D8A7FD /* CustomComponents.app */;
			productType = "com.apple.product-type.application";
		};
/* End PBXNativeTarget section */

/* Begin PBXProject section */
		1A5A9CE027F2254F00D8A7FD /* Project object */ = {
			isa = PBXProject;
			attributes = {
				BuildIndependentTargetsInParallel = 1;
				LastSwiftUpdateCheck = 1330;
				LastUpgradeCheck = 1330;
				TargetAttributes = {
					1A5A9CE727F2254F00D8A7FD = {
						CreatedOnToolsVersion = 13.3;
					};
				};
			};
			buildConfigurationList = 1A5A9CE327F2254F00D8A7FD /* Build configuration list for PBXProject "CustomComponents" */;
			compatibilityVersion = "Xcode 13.0";
			developmentRegion = en;
			hasScannedForEncodings = 0;
			knownRegions = (
				en,
				Base,
			);
			mainGroup = 1A5A9CDF27F2254F00D8A7FD;
			productRefGroup = 1A5A9CE927F2254F00D8A7FD /* Products */;
			projectDirPath = "";
			projectRoot = "";
			targets = (
				1A5A9CE727F2254F00D8A7FD /* CustomComponents */,
			);
		};
/* End PBXProject section */

/* Begin PBXResourcesBuildPhase section */
		1A5A9CE627F2254F00D8A7FD /* Resources */ = {
			isa = PBXResourcesBuildPhase;
			buildActionMask = 2147483647;
			files = (
				1A5A9CF327F2255100D8A7FD /* Preview Assets.xcassets in Resources */,
				1A5A9CF027F2255100D8A7FD /* Assets.xcassets in Resources */,
			);
			runOnlyForDeploymentPostprocessing = 0;
		};
/* End PBXResourcesBuildPhase section */

/* Begin PBXSourcesBuildPhase section */
		1A5A9CE427F2254F00D8A7FD /* Sources */ = {
			isa = PBXSourcesBuildPhase;
			buildActionMask = 2147483647;
			files = (
				1A5A9CEE27F2254F00D8A7FD /* ContentView.swift in Sources */,
				1A5A9CFE27F226D500D8A7FD /* Fonts.swift in Sources */,
				1A5A9CEC27F2254F00D8A7FD /* CustomComponentsApp.swift in Sources */,
				1A5A9D0027F227D500D8A7FD /* CustomTextFieldFormatter.swift in Sources */,
				1A5A9CFC27F225B900D8A7FD /* ValidationRule.swift in Sources */,
				1A72675827F3895800C2C1DE /* PinTextField.swift in Sources */,
				1A5A9CFA27F2256D00D8A7FD /* CustomTextField.swift in Sources */,
			);
			runOnlyForDeploymentPostprocessing = 0;
		};
/* End PBXSourcesBuildPhase section */

/* Begin XCBuildConfiguration section */
		1A5A9CF427F2255100D8A7FD /* Debug */ = {
			isa = XCBuildConfiguration;
			buildSettings = {
				ALWAYS_SEARCH_USER_PATHS = NO;
				CLANG_ANALYZER_NONNULL = YES;
				CLANG_ANALYZER_NUMBER_OBJECT_CONVERSION = YES_AGGRESSIVE;
				CLANG_CXX_LANGUAGE_STANDARD = "gnu++17";
				CLANG_ENABLE_MODULES = YES;
				CLANG_ENABLE_OBJC_ARC = YES;
				CLANG_ENABLE_OBJC_WEAK = YES;
				CLANG_WARN_BLOCK_CAPTURE_AUTORELEASING = YES;
				CLANG_WARN_BOOL_CONVERSION = YES;
				CLANG_WARN_COMMA = YES;
				CLANG_WARN_CONSTANT_CONVERSION = YES;
				CLANG_WARN_DEPRECATED_OBJC_IMPLEMENTATIONS = YES;
				CLANG_WARN_DIRECT_OBJC_ISA_USAGE = YES_ERROR;
				CLANG_WARN_DOCUMENTATION_COMMENTS = YES;
				CLANG_WARN_EMPTY_BODY = YES;
				CLANG_WARN_ENUM_CONVERSION = YES;
				CLANG_WARN_INFINITE_RECURSION = YES;
				CLANG_WARN_INT_CONVERSION = YES;
				CLANG_WARN_NON_LITERAL_NULL_CONVERSION = YES;
				CLANG_WARN_OBJC_IMPLICIT_RETAIN_SELF = YES;
				CLANG_WARN_OBJC_LITERAL_CONVERSION = YES;
				CLANG_WARN_OBJC_ROOT_CLASS = YES_ERROR;
				CLANG_WARN_QUOTED_INCLUDE_IN_FRAMEWORK_HEADER = YES;
				CLANG_WARN_RANGE_LOOP_ANALYSIS = YES;
				CLANG_WARN_STRICT_PROTOTYPES = YES;
				CLANG_WARN_SUSPICIOUS_MOVE = YES;
				CLANG_WARN_UNGUARDED_AVAILABILITY = YES_AGGRESSIVE;
				CLANG_WARN_UNREACHABLE_CODE = YES;
				CLANG_WARN__DUPLICATE_METHOD_MATCH = YES;
				COPY_PHASE_STRIP = NO;
				DEBUG_INFORMATION_FORMAT = dwarf;
				ENABLE_STRICT_OBJC_MSGSEND = YES;
				ENABLE_TESTABILITY = YES;
				GCC_C_LANGUAGE_STANDARD = gnu11;
				GCC_DYNAMIC_NO_PIC = NO;
				GCC_NO_COMMON_BLOCKS = YES;
				GCC_OPTIMIZATION_LEVEL = 0;
				GCC_PREPROCESSOR_DEFINITIONS = (
					"DEBUG=1",
					"$(inherited)",
				);
				GCC_WARN_64_TO_32_BIT_CONVERSION = YES;
				GCC_WARN_ABOUT_RETURN_TYPE = YES_ERROR;
				GCC_WARN_UNDECLARED_SELECTOR = YES;
				GCC_WARN_UNINITIALIZED_AUTOS = YES_AGGRESSIVE;
				GCC_WARN_UNUSED_FUNCTION = YES;
				GCC_WARN_UNUSED_VARIABLE = YES;
				IPHONEOS_DEPLOYMENT_TARGET = 15.4;
				MTL_ENABLE_DEBUG_INFO = INCLUDE_SOURCE;
				MTL_FAST_MATH = YES;
				ONLY_ACTIVE_ARCH = YES;
				SDKROOT = iphoneos;
				SWIFT_ACTIVE_COMPILATION_CONDITIONS = DEBUG;
				SWIFT_OPTIMIZATION_LEVEL = "-Onone";
			};
			name = Debug;
		};
		1A5A9CF527F2255100D8A7FD /* Release */ = {
			isa = XCBuildConfiguration;
			buildSettings = {
				ALWAYS_SEARCH_USER_PATHS = NO;
				CLANG_ANALYZER_NONNULL = YES;
				CLANG_ANALYZER_NUMBER_OBJECT_CONVERSION = YES_AGGRESSIVE;
				CLANG_CXX_LANGUAGE_STANDARD = "gnu++17";
				CLANG_ENABLE_MODULES = YES;
				CLANG_ENABLE_OBJC_ARC = YES;
				CLANG_ENABLE_OBJC_WEAK = YES;
				CLANG_WARN_BLOCK_CAPTURE_AUTORELEASING = YES;
				CLANG_WARN_BOOL_CONVERSION = YES;
				CLANG_WARN_COMMA = YES;
				CLANG_WARN_CONSTANT_CONVERSION = YES;
				CLANG_WARN_DEPRECATED_OBJC_IMPLEMENTATIONS = YES;
				CLANG_WARN_DIRECT_OBJC_ISA_USAGE = YES_ERROR;
				CLANG_WARN_DOCUMENTATION_COMMENTS = YES;
				CLANG_WARN_EMPTY_BODY = YES;
				CLANG_WARN_ENUM_CONVERSION = YES;
				CLANG_WARN_INFINITE_RECURSION = YES;
				CLANG_WARN_INT_CONVERSION = YES;
				CLANG_WARN_NON_LITERAL_NULL_CONVERSION = YES;
				CLANG_WARN_OBJC_IMPLICIT_RETAIN_SELF = YES;
				CLANG_WARN_OBJC_LITERAL_CONVERSION = YES;
				CLANG_WARN_OBJC_ROOT_CLASS = YES_ERROR;
				CLANG_WARN_QUOTED_INCLUDE_IN_FRAMEWORK_HEADER = YES;
				CLANG_WARN_RANGE_LOOP_ANALYSIS = YES;
				CLANG_WARN_STRICT_PROTOTYPES = YES;
				CLANG_WARN_SUSPICIOUS_MOVE = YES;
				CLANG_WARN_UNGUARDED_AVAILABILITY = YES_AGGRESSIVE;
				CLANG_WARN_UNREACHABLE_CODE = YES;
				CLANG_WARN__DUPLICATE_METHOD_MATCH = YES;
				COPY_PHASE_STRIP = NO;
				DEBUG_INFORMATION_FORMAT = "dwarf-with-dsym";
				ENABLE_NS_ASSERTIONS = NO;
				ENABLE_STRICT_OBJC_MSGSEND = YES;
				GCC_C_LANGUAGE_STANDARD = gnu11;
				GCC_NO_COMMON_BLOCKS = YES;
				GCC_WARN_64_TO_32_BIT_CONVERSION = YES;
				GCC_WARN_ABOUT_RETURN_TYPE = YES_ERROR;
				GCC_WARN_UNDECLARED_SELECTOR = YES;
				GCC_WARN_UNINITIALIZED_AUTOS = YES_AGGRESSIVE;
				GCC_WARN_UNUSED_FUNCTION = YES;
				GCC_WARN_UNUSED_VARIABLE = YES;
				IPHONEOS_DEPLOYMENT_TARGET = 15.4;
				MTL_ENABLE_DEBUG_INFO = NO;
				MTL_FAST_MATH = YES;
				SDKROOT = iphoneos;
				SWIFT_COMPILATION_MODE = wholemodule;
				SWIFT_OPTIMIZATION_LEVEL = "-O";
				VALIDATE_PRODUCT = YES;
			};
			name = Release;
		};
		1A5A9CF727F2255100D8A7FD /* Debug */ = {
			isa = XCBuildConfiguration;
			buildSettings = {
				ASSETCATALOG_COMPILER_APPICON_NAME = AppIcon;
				ASSETCATALOG_COMPILER_GLOBAL_ACCENT_COLOR_NAME = AccentColor;
				CODE_SIGN_STYLE = Automatic;
				CURRENT_PROJECT_VERSION = 1;
				DEVELOPMENT_ASSET_PATHS = "\"CustomComponents/Preview Content\"";
				ENABLE_PREVIEWS = YES;
				GENERATE_INFOPLIST_FILE = YES;
				INFOPLIST_KEY_UIApplicationSceneManifest_Generation = YES;
				INFOPLIST_KEY_UIApplicationSupportsIndirectInputEvents = YES;
				INFOPLIST_KEY_UILaunchScreen_Generation = YES;
				INFOPLIST_KEY_UISupportedInterfaceOrientations_iPad = "UIInterfaceOrientationPortrait UIInterfaceOrientationPortraitUpsideDown UIInterfaceOrientationLandscapeLeft UIInterfaceOrientationLandscapeRight";
				INFOPLIST_KEY_UISupportedInterfaceOrientations_iPhone = "UIInterfaceOrientationPortrait UIInterfaceOrientationLandscapeLeft UIInterfaceOrientationLandscapeRight";
				LD_RUNPATH_SEARCH_PATHS = (
					"$(inherited)",
					"@executable_path/Frameworks",
				);
				MARKETING_VERSION = 1.0;
				PRODUCT_BUNDLE_IDENTIFIER = com.djuroalfirevic.CustomComponents;
				PRODUCT_NAME = "$(TARGET_NAME)";
				SWIFT_EMIT_LOC_STRINGS = YES;
				SWIFT_VERSION = 5.0;
				TARGETED_DEVICE_FAMILY = "1,2";
			};
			name = Debug;
		};
		1A5A9CF827F2255100D8A7FD /* Release */ = {
			isa = XCBuildConfiguration;
			buildSettings = {
				ASSETCATALOG_COMPILER_APPICON_NAME = AppIcon;
				ASSETCATALOG_COMPILER_GLOBAL_ACCENT_COLOR_NAME = AccentColor;
				CODE_SIGN_STYLE = Automatic;
				CURRENT_PROJECT_VERSION = 1;
				DEVELOPMENT_ASSET_PATHS = "\"CustomComponents/Preview Content\"";
				ENABLE_PREVIEWS = YES;
				GENERATE_INFOPLIST_FILE = YES;
				INFOPLIST_KEY_UIApplicationSceneManifest_Generation = YES;
				INFOPLIST_KEY_UIApplicationSupportsIndirectInputEvents = YES;
				INFOPLIST_KEY_UILaunchScreen_Generation = YES;
				INFOPLIST_KEY_UISupportedInterfaceOrientations_iPad = "UIInterfaceOrientationPortrait UIInterfaceOrientationPortraitUpsideDown UIInterfaceOrientationLandscapeLeft UIInterfaceOrientationLandscapeRight";
				INFOPLIST_KEY_UISupportedInterfaceOrientations_iPhone = "UIInterfaceOrientationPortrait UIInterfaceOrientationLandscapeLeft UIInterfaceOrientationLandscapeRight";
				LD_RUNPATH_SEARCH_PATHS = (
					"$(inherited)",
					"@executable_path/Frameworks",
				);
				MARKETING_VERSION = 1.0;
				PRODUCT_BUNDLE_IDENTIFIER = com.djuroalfirevic.CustomComponents;
				PRODUCT_NAME = "$(TARGET_NAME)";
				SWIFT_EMIT_LOC_STRINGS = YES;
				SWIFT_VERSION = 5.0;
				TARGETED_DEVICE_FAMILY = "1,2";
			};
			name = Release;
		};
/* End XCBuildConfiguration section */

/* Begin XCConfigurationList section */
		1A5A9CE327F2254F00D8A7FD /* Build configuration list for PBXProject "CustomComponents" */ = {
			isa = XCConfigurationList;
			buildConfigurations = (
				1A5A9CF427F2255100D8A7FD /* Debug */,
				1A5A9CF527F2255100D8A7FD /* Release */,
			);
			defaultConfigurationIsVisible = 0;
			defaultConfigurationName = Release;
		};
		1A5A9CF627F2255100D8A7FD /* Build configuration list for PBXNativeTarget "CustomComponents" */ = {
			isa = XCConfigurationList;
			buildConfigurations = (
				1A5A9CF727F2255100D8A7FD /* Debug */,
				1A5A9CF827F2255100D8A7FD /* Release */,
			);
			defaultConfigurationIsVisible = 0;
			defaultConfigurationName = Release;
		};
/* End XCConfigurationList section */
	};
	rootObject = 1A5A9CE027F2254F00D8A7FD /* Project object */;
}
